
Microsoft Visual Studio Solution File, Format Version 12.00
# Visual Studio Version 16
VisualStudioVersion = 16.0.30011.22
MinimumVisualStudioVersion = 10.0.40219.1
Project("{2150E333-8FDC-42A3-9474-1A3956D46DE8}") = "src", "src", "{C2A42076-643C-4202-95B8-C0A304EA8A3F}"
EndProject
Project("{2150E333-8FDC-42A3-9474-1A3956D46DE8}") = "tests", "tests", "{EC8BCE94-02FD-4944-8696-BCE3AAC9F459}"
EndProject
Project("{9A19103F-16F7-4668-BE54-9A1E7A4F7556}") = "MyFirstRepository.Web", "src\MyFirstRepository.Web\MyFirstRepository.Web.csproj", "{455940F5-B202-49BF-83A8-3CC9B161197C}"
EndProject
Project("{2150E333-8FDC-42A3-9474-1A3956D46DE8}") = "Solution Items", "Solution Items", "{AFF4B56B-3D61-4172-BD9B-9EC3F73361E0}"
	ProjectSection(SolutionItems) = preProject
		.editorconfig = .editorconfig
		.gitignore = .gitignore
		README.md = README.md
	EndProjectSection
EndProject
Project("{9A19103F-16F7-4668-BE54-9A1E7A4F7556}") = "MyFirstRepository.Core", "src\MyFirstRepository.Core\MyFirstRepository.Core.csproj", "{C15CE984-0686-4C82-BBE8-33C37EEC87EE}"
EndProject
Project("{9A19103F-16F7-4668-BE54-9A1E7A4F7556}") = "MyFirstRepository.Infrastructure", "src\MyFirstRepository.Infrastructure\MyFirstRepository.Infrastructure.csproj", "{06CE771B-2FF0-4620-84F2-50D717F7E108}"
EndProject
Project("{9A19103F-16F7-4668-BE54-9A1E7A4F7556}") = "IntegrationTests", "tests\IntegrationTests\IntegrationTests.csproj", "{102437AF-2F64-4E2B-9ED3-8DF9DF9AEA0E}"
EndProject
Project("{9A19103F-16F7-4668-BE54-9A1E7A4F7556}") = "FunctionalTests", "tests\FunctionalTests\FunctionalTests.csproj", "{67FE2E23-8D16-44AB-BF44-7A20FB6AEA6D}"
EndProject
Project("{2150E333-8FDC-42A3-9474-1A3956D46DE8}") = "docs", "docs", "{07B8B2C4-D280-4659-AD2D-FB6CAA09C813}"
	ProjectSection(SolutionItems) = preProject
		docs\.gitignore = docs\.gitignore
		docs\docfx.json = docs\docfx.json
		docs\index.md = docs\index.md
		docs\toc.yml = docs\toc.yml
	EndProjectSection
EndProject
Project("{2150E333-8FDC-42A3-9474-1A3956D46DE8}") = "articles", "articles", "{CA9FBDE8-E58F-4F57-9D83-9C69BC3E2FBC}"
	ProjectSection(SolutionItems) = preProject
		docs\articles\intro.md = docs\articles\intro.md
		docs\articles\toc.yml = docs\articles\toc.yml
	EndProjectSection
EndProject
Project("{2150E333-8FDC-42A3-9474-1A3956D46DE8}") = "pipelines", "pipelines", "{07F46925-8D2C-4224-9B43-12E193A567CE}"
	ProjectSection(SolutionItems) = preProject
		pipelines\CI.yml = pipelines\CI.yml
		pipelines\DocsCI.yml = pipelines\DocsCI.yml
		pipelines\PullRequest.yml = pipelines\PullRequest.yml
		pipelines\SonarCI.yml = pipelines\SonarCI.yml
	EndProjectSection
EndProject
Project("{9A19103F-16F7-4668-BE54-9A1E7A4F7556}") = "UnitTests", "tests\UnitTests\UnitTests.csproj", "{333B9B34-EF45-4169-969F-8767A6013E9C}"
EndProject
Global
	GlobalSection(SolutionConfigurationPlatforms) = preSolution
		Debug|Any CPU = Debug|Any CPU
		Release|Any CPU = Release|Any CPU
	EndGlobalSection
	GlobalSection(ProjectConfigurationPlatforms) = postSolution
		{455940F5-B202-49BF-83A8-3CC9B161197C}.Debug|Any CPU.ActiveCfg = Debug|Any CPU
		{455940F5-B202-49BF-83A8-3CC9B161197C}.Debug|Any CPU.Build.0 = Debug|Any CPU
		{455940F5-B202-49BF-83A8-3CC9B161197C}.Release|Any CPU.ActiveCfg = Release|Any CPU
		{455940F5-B202-49BF-83A8-3CC9B161197C}.Release|Any CPU.Build.0 = Release|Any CPU
		{C15CE984-0686-4C82-BBE8-33C37EEC87EE}.Debug|Any CPU.ActiveCfg = Debug|Any CPU
		{C15CE984-0686-4C82-BBE8-33C37EEC87EE}.Debug|Any CPU.Build.0 = Debug|Any CPU
		{C15CE984-0686-4C82-BBE8-33C37EEC87EE}.Release|Any CPU.ActiveCfg = Release|Any CPU
		{C15CE984-0686-4C82-BBE8-33C37EEC87EE}.Release|Any CPU.Build.0 = Release|Any CPU
		{06CE771B-2FF0-4620-84F2-50D717F7E108}.Debug|Any CPU.ActiveCfg = Debug|Any CPU
		{06CE771B-2FF0-4620-84F2-50D717F7E108}.Debug|Any CPU.Build.0 = Debug|Any CPU
		{06CE771B-2FF0-4620-84F2-50D717F7E108}.Release|Any CPU.ActiveCfg = Release|Any CPU
		{06CE771B-2FF0-4620-84F2-50D717F7E108}.Release|Any CPU.Build.0 = Release|Any CPU
		{102437AF-2F64-4E2B-9ED3-8DF9DF9AEA0E}.Debug|Any CPU.ActiveCfg = Debug|Any CPU
		{102437AF-2F64-4E2B-9ED3-8DF9DF9AEA0E}.Debug|Any CPU.Build.0 = Debug|Any CPU
		{102437AF-2F64-4E2B-9ED3-8DF9DF9AEA0E}.Release|Any CPU.ActiveCfg = Release|Any CPU
		{102437AF-2F64-4E2B-9ED3-8DF9DF9AEA0E}.Release|Any CPU.Build.0 = Release|Any CPU
		{67FE2E23-8D16-44AB-BF44-7A20FB6AEA6D}.Debug|Any CPU.ActiveCfg = Debug|Any CPU
		{67FE2E23-8D16-44AB-BF44-7A20FB6AEA6D}.Debug|Any CPU.Build.0 = Debug|Any CPU
		{67FE2E23-8D16-44AB-BF44-7A20FB6AEA6D}.Release|Any CPU.ActiveCfg = Release|Any CPU
		{67FE2E23-8D16-44AB-BF44-7A20FB6AEA6D}.Release|Any CPU.Build.0 = Release|Any CPU
		{333B9B34-EF45-4169-969F-8767A6013E9C}.Debug|Any CPU.ActiveCfg = Debug|Any CPU
		{333B9B34-EF45-4169-969F-8767A6013E9C}.Debug|Any CPU.Build.0 = Debug|Any CPU
		{333B9B34-EF45-4169-969F-8767A6013E9C}.Release|Any CPU.ActiveCfg = Release|Any CPU
		{333B9B34-EF45-4169-969F-8767A6013E9C}.Release|Any CPU.Build.0 = Release|Any CPU
	EndGlobalSection
	GlobalSection(SolutionProperties) = preSolution
		HideSolutionNode = FALSE
	EndGlobalSection
	GlobalSection(NestedProjects) = preSolution
		{455940F5-B202-49BF-83A8-3CC9B161197C} = {C2A42076-643C-4202-95B8-C0A304EA8A3F}
		{C15CE984-0686-4C82-BBE8-33C37EEC87EE} = {C2A42076-643C-4202-95B8-C0A304EA8A3F}
		{06CE771B-2FF0-4620-84F2-50D717F7E108} = {C2A42076-643C-4202-95B8-C0A304EA8A3F}
		{102437AF-2F64-4E2B-9ED3-8DF9DF9AEA0E} = {EC8BCE94-02FD-4944-8696-BCE3AAC9F459}
		{67FE2E23-8D16-44AB-BF44-7A20FB6AEA6D} = {EC8BCE94-02FD-4944-8696-BCE3AAC9F459}
		{CA9FBDE8-E58F-4F57-9D83-9C69BC3E2FBC} = {07B8B2C4-D280-4659-AD2D-FB6CAA09C813}
		{333B9B34-EF45-4169-969F-8767A6013E9C} = {EC8BCE94-02FD-4944-8696-BCE3AAC9F459}
	EndGlobalSection
	GlobalSection(ExtensibilityGlobals) = postSolution
		SolutionGuid = {5CD077C3-149A-41F1-9E6F-4A61CC9B20F8}
	EndGlobalSection
EndGlobal
